{
  "name": "deeplab-demo",
  "version": "1.0.0",
  "lockfileVersion": 1,
  "requires": true,
  "dependencies": {
    "@tensorflow-models/deeplab": {
      "version": "0.1.1",
      "resolved": "https://r.cnpmjs.org/@tensorflow-models/deeplab/download/@tensorflow-models/deeplab-0.1.1.tgz",
      "integrity": "sha1-HCZlqfL+z3612quksN5d5rMDSLU="
    }
  }
}
