{
  "name": "blazeface-demo",
  "version": "1.0.0",
  "lockfileVersion": 1,
  "requires": true,
  "dependencies": {
    "@tensorflow-models/blazeface": {
      "version": "0.0.5",
      "resolved": "https://r.cnpmjs.org/@tensorflow-models/blazeface/download/@tensorflow-models/blazeface-0.0.5.tgz",
      "integrity": "sha1-YmH8xd5hooPqQJtp9qhR9EqAmCY="
    }
  }
}
