{
  "name": "zrender_example",
  "version": "1.0.0",
  "lockfileVersion": 1,
  "requires": true,
  "dependencies": {
    "zrender": {
      "version": "4.3.1",
      "resolved": "https://registry.npmjs.org/zrender/-/zrender-4.3.1.tgz",
      "integrity": "sha512-CeH2TpJeCdG0TAGYoPSAcFX2ogdug1K7LIn9UO/q9HWqQ54gWhrMAlDP9AwWYMUDhrPe4VeazQ4DW3msD96nUQ=="
    }
  }
}
