{
  "name": "wordcloud_demo",
  "version": "1.0.0",
  "lockfileVersion": 1,
  "requires": true,
  "dependencies": {
    "wordcloud": {
      "version": "1.1.1",
      "resolved": "https://r.cnpmjs.org/wordcloud/download/wordcloud-1.1.1.tgz",
      "integrity": "sha1-po11oFM5wtqOyK6iGgD5Dm8ujro="
    }
  }
}
