{
  "name": "posenet-demo",
  "version": "1.0.0",
  "lockfileVersion": 1,
  "requires": true,
  "dependencies": {
    "@tensorflow-models/posenet": {
      "version": "2.2.1",
      "resolved": "https://r.cnpmjs.org/@tensorflow-models/posenet/download/@tensorflow-models/posenet-2.2.1.tgz",
      "integrity": "sha1-Lwpo2QmEL1nuwZXyPG89TOvFP6g="
    }
  }
}
