{
  "name": "toxicity-demo",
  "version": "1.0.0",
  "lockfileVersion": 1,
  "requires": true,
  "dependencies": {
    "@tensorflow-models/toxicity": {
      "version": "1.2.2",
      "resolved": "https://registry.npm.taobao.org/@tensorflow-models/toxicity/download/@tensorflow-models/toxicity-1.2.2.tgz",
      "integrity": "sha1-rtLMkhIvL8lJtCUCu1X47S4dA6g=",
      "requires": {
        "@tensorflow-models/universal-sentence-encoder": "~1.2.2"
      }
    },
    "@tensorflow-models/universal-sentence-encoder": {
      "version": "1.2.2",
      "resolved": "https://registry.npm.taobao.org/@tensorflow-models/universal-sentence-encoder/download/@tensorflow-models/universal-sentence-encoder-1.2.2.tgz",
      "integrity": "sha1-J6OMOUJLXoU4msRhvhd8n0S6Gb0="
    }
  }
}
