{
  "name": "qna-demo",
  "version": "1.0.0",
  "lockfileVersion": 1,
  "requires": true,
  "dependencies": {
    "@tensorflow-models/qna": {
      "version": "1.0.0",
      "resolved": "https://r.cnpmjs.org/@tensorflow-models/qna/download/@tensorflow-models/qna-1.0.0.tgz",
      "integrity": "sha1-YYk8LeLdZ2syhsplxa4np4hey8Q="
    }
  }
}
