{
  "name": "knn-demo",
  "version": "1.0.0",
  "lockfileVersion": 1,
  "requires": true,
  "dependencies": {
    "@tensorflow-models/knn-classifier": {
      "version": "1.2.2",
      "resolved": "https://r.cnpmjs.org/@tensorflow-models/knn-classifier/download/@tensorflow-models/knn-classifier-1.2.2.tgz",
      "integrity": "sha1-pakEWz0iWgbmDyscwt5WvaxnSOg="
    },
    "@tensorflow-models/mobilenet": {
      "version": "2.0.4",
      "resolved": "https://r.cnpmjs.org/@tensorflow-models/mobilenet/download/@tensorflow-models/mobilenet-2.0.4.tgz",
      "integrity": "sha1-f0B3H8xlD1D+vUm+cjctOcFfb5U="
    }
  }
}
