{
  "name": "use-demo",
  "version": "1.0.0",
  "lockfileVersion": 1,
  "requires": true,
  "dependencies": {
    "@tensorflow-models/universal-sentence-encoder": {
      "version": "1.3.1",
      "resolved": "https://registry.npm.taobao.org/@tensorflow-models/universal-sentence-encoder/download/@tensorflow-models/universal-sentence-encoder-1.3.1.tgz",
      "integrity": "sha1-pZTnnrXCxXAxg0MCgmWpLlpyQNw="
    }
  }
}
